// !$*UTF8*$!
{
	archiveVersion = 1;
	classes = {
	};
	objectVersion = 56;
	objects = {

/* Begin PBXBuildFile section */
		822220802B62210000CD2F66 /* Alert.swift in Sources */ = {isa = PBXBuildFile; fileRef = 8222207F2B62210000CD2F66 /* Alert.swift */; };
		822220822B626E8800CD2F66 /* BarcodeScannerViewModel.swift in Sources */ = {isa = PBXBuildFile; fileRef = 822220812B626E8800CD2F66 /* BarcodeScannerViewModel.swift */; };
		82DC739D2B5B8EC6007A5082 /* SwiftUIBarCodeApp.swift in Sources */ = {isa = PBXBuildFile; fileRef = 82DC739C2B5B8EC6007A5082 /* SwiftUIBarCodeApp.swift */; };
		82DC739F2B5B8EC6007A5082 /* ContentView.swift in Sources */ = {isa = PBXBuildFile; fileRef = 82DC739E2B5B8EC6007A5082 /* ContentView.swift */; };
		82DC73A12B5B8EC8007A5082 /* Assets.xcassets in Resources */ = {isa = PBXBuildFile; fileRef = 82DC73A02B5B8EC8007A5082 /* Assets.xcassets */; };
		82DC73A42B5B8EC8007A5082 /* Preview Assets.xcassets in Resources */ = {isa = PBXBuildFile; fileRef = 82DC73A32B5B8EC8007A5082 /* Preview Assets.xcassets */; };
		82DC73AE2B5B8EC9007A5082 /* SwiftUIBarCodeTests.swift in Sources */ = {isa = PBXBuildFile; fileRef = 82DC73AD2B5B8EC9007A5082 /* SwiftUIBarCodeTests.swift */; };
		82DC73B82B5B8EC9007A5082 /* SwiftUIBarCodeUITests.swift in Sources */ = {isa = PBXBuildFile; fileRef = 82DC73B72B5B8EC9007A5082 /* SwiftUIBarCodeUITests.swift */; };
		82DC73BA2B5B8EC9007A5082 /* SwiftUIBarCodeUITestsLaunchTests.swift in Sources */ = {isa = PBXBuildFile; fileRef = 82DC73B92B5B8EC9007A5082 /* SwiftUIBarCodeUITestsLaunchTests.swift */; };
		82DC73C72B5BA68A007A5082 /* ScannerVC.swift in Sources */ = {isa = PBXBuildFile; fileRef = 82DC73C62B5BA68A007A5082 /* ScannerVC.swift */; };
		82DC73C92B5BADC3007A5082 /* ScannerView.swift in Sources */ = {isa = PBXBuildFile; fileRef = 82DC73C82B5BADC3007A5082 /* ScannerView.swift */; };
/* End PBXBuildFile section */

/* Begin PBXContainerItemProxy section */
		82DC73AA2B5B8EC9007A5082 /* PBXContainerItemProxy */ = {
			isa = PBXContainerItemProxy;
			containerPortal = 82DC73912B5B8EC5007A5082 /* Project object */;
			proxyType = 1;
			remoteGlobalIDString = 82DC73982B5B8EC6007A5082;
			remoteInfo = SwiftUIBarCode;
		};
		82DC73B42B5B8EC9007A5082 /* PBXContainerItemProxy */ = {
			isa = PBXContainerItemProxy;
			containerPortal = 82DC73912B5B8EC5007A5082 /* Project object */;
			proxyType = 1;
			remoteGlobalIDString = 82DC73982B5B8EC6007A5082;
			remoteInfo = SwiftUIBarCode;
		};
/* End PBXContainerItemProxy section */

/* Begin PBXFileReference section */
		8222207F2B62210000CD2F66 /* Alert.swift */ = {isa = PBXFileReference; lastKnownFileType = sourcecode.swift; path = Alert.swift; sourceTree = "<group>"; };
		822220812B626E8800CD2F66 /* BarcodeScannerViewModel.swift */ = {isa = PBXFileReference; lastKnownFileType = sourcecode.swift; path = BarcodeScannerViewModel.swift; sourceTree = "<group>"; };
		82DC73992B5B8EC6007A5082 /* SwiftUIBarCode.app */ = {isa = PBXFileReference; explicitFileType = wrapper.application; includeInIndex = 0; path = SwiftUIBarCode.app; sourceTree = BUILT_PRODUCTS_DIR; };
		82DC739C2B5B8EC6007A5082 /* SwiftUIBarCodeApp.swift */ = {isa = PBXFileReference; lastKnownFileType = sourcecode.swift; path = SwiftUIBarCodeApp.swift; sourceTree = "<group>"; };
		82DC739E2B5B8EC6007A5082 /* ContentView.swift */ = {isa = PBXFileReference; lastKnownFileType = sourcecode.swift; path = ContentView.swift; sourceTree = "<group>"; };
		82DC73A02B5B8EC8007A5082 /* Assets.xcassets */ = {isa = PBXFileReference; lastKnownFileType = folder.assetcatalog; path = Assets.xcassets; sourceTree = "<group>"; };
		82DC73A32B5B8EC8007A5082 /* Preview Assets.xcassets */ = {isa = PBXFileReference; lastKnownFileType = folder.assetcatalog; path = "Preview Assets.xcassets"; sourceTree = "<group>"; };
		82DC73A92B5B8EC9007A5082 /* SwiftUIBarCodeTests.xctest */ = {isa = PBXFileReference; explicitFileType = wrapper.cfbundle; includeInIndex = 0; path = SwiftUIBarCodeTests.xctest; sourceTree = BUILT_PRODUCTS_DIR; };
		82DC73AD2B5B8EC9007A5082 /* SwiftUIBarCodeTests.swift */ = {isa = PBXFileReference; lastKnownFileType = sourcecode.swift; path = SwiftUIBarCodeTests.swift; sourceTree = "<group>"; };
		82DC73B32B5B8EC9007A5082 /* SwiftUIBarCodeUITests.xctest */ = {isa = PBXFileReference; explicitFileType = wrapper.cfbundle; includeInIndex = 0; path = SwiftUIBarCodeUITests.xctest; sourceTree = BUILT_PRODUCTS_DIR; };
		82DC73B72B5B8EC9007A5082 /* SwiftUIBarCodeUITests.swift */ = {isa = PBXFileReference; lastKnownFileType = sourcecode.swift; path = SwiftUIBarCodeUITests.swift; sourceTree = "<group>"; };
		82DC73B92B5B8EC9007A5082 /* SwiftUIBarCodeUITestsLaunchTests.swift */ = {isa = PBXFileReference; lastKnownFileType = sourcecode.swift; path = SwiftUIBarCodeUITestsLaunchTests.swift; sourceTree = "<group>"; };
		82DC73C62B5BA68A007A5082 /* ScannerVC.swift */ = {isa = PBXFileReference; lastKnownFileType = sourcecode.swift; path = ScannerVC.swift; sourceTree = "<group>"; };
		82DC73C82B5BADC3007A5082 /* ScannerView.swift */ = {isa = PBXFileReference; lastKnownFileType = sourcecode.swift; path = ScannerView.swift; sourceTree = "<group>"; };
/* End PBXFileReference section */

/* Begin PBXFrameworksBuildPhase section */
		82DC73962B5B8EC6007A5082 /* Frameworks */ = {
			isa = PBXFrameworksBuildPhase;
			buildActionMask = 2147483647;
			files = (
			);
			runOnlyForDeploymentPostprocessing = 0;
		};
		82DC73A62B5B8EC9007A5082 /* Frameworks */ = {
			isa = PBXFrameworksBuildPhase;
			buildActionMask = 2147483647;
			files = (
			);
			runOnlyForDeploymentPostprocessing = 0;
		};
		82DC73B02B5B8EC9007A5082 /* Frameworks */ = {
			isa = PBXFrameworksBuildPhase;
			buildActionMask = 2147483647;
			files = (
			);
			runOnlyForDeploymentPostprocessing = 0;
		};
/* End PBXFrameworksBuildPhase section */

/* Begin PBXGroup section */
		822220832B62739E00CD2F66 /* Views */ = {
			isa = PBXGroup;
			children = (
				822220862B6273DC00CD2F66 /* View */,
				822220842B6273A500CD2F66 /* UIKit Components */,
			);
			path = Views;
			sourceTree = "<group>";
		};
		822220842B6273A500CD2F66 /* UIKit Components */ = {
			isa = PBXGroup;
			children = (
				82DC73C62B5BA68A007A5082 /* ScannerVC.swift */,
				82DC73C82B5BADC3007A5082 /* ScannerView.swift */,
			);
			path = "UIKit Components";
			sourceTree = "<group>";
		};
		822220852B6273B100CD2F66 /* Screen */ = {
			isa = PBXGroup;
			children = (
			);
			path = Screen;
			sourceTree = "<group>";
		};
		822220862B6273DC00CD2F66 /* View */ = {
			isa = PBXGroup;
			children = (
				82DC739E2B5B8EC6007A5082 /* ContentView.swift */,
			);
			path = View;
			sourceTree = "<group>";
		};
		82DC73902B5B8EC5007A5082 = {
			isa = PBXGroup;
			children = (
				82DC739B2B5B8EC6007A5082 /* SwiftUIBarCode */,
				82DC73AC2B5B8EC9007A5082 /* SwiftUIBarCodeTests */,
				82DC73B62B5B8EC9007A5082 /* SwiftUIBarCodeUITests */,
				82DC739A2B5B8EC6007A5082 /* Products */,
			);
			sourceTree = "<group>";
		};
		82DC739A2B5B8EC6007A5082 /* Products */ = {
			isa = PBXGroup;
			children = (
				82DC73992B5B8EC6007A5082 /* SwiftUIBarCode.app */,
				82DC73A92B5B8EC9007A5082 /* SwiftUIBarCodeTests.xctest */,
				82DC73B32B5B8EC9007A5082 /* SwiftUIBarCodeUITests.xctest */,
			);
			name = Products;
			sourceTree = "<group>";
		};
		82DC739B2B5B8EC6007A5082 /* SwiftUIBarCode */ = {
			isa = PBXGroup;
			children = (
				822220852B6273B100CD2F66 /* Screen */,
				822220832B62739E00CD2F66 /* Views */,
				82DC739C2B5B8EC6007A5082 /* SwiftUIBarCodeApp.swift */,
				82DC73A02B5B8EC8007A5082 /* Assets.xcassets */,
				82DC73A22B5B8EC8007A5082 /* Preview Content */,
				8222207F2B62210000CD2F66 /* Alert.swift */,
				822220812B626E8800CD2F66 /* BarcodeScannerViewModel.swift */,
			);
			path = SwiftUIBarCode;
			sourceTree = "<group>";
		};
		82DC73A22B5B8EC8007A5082 /* Preview Content */ = {
			isa = PBXGroup;
			children = (
				82DC73A32B5B8EC8007A5082 /* Preview Assets.xcassets */,
			);
			path = "Preview Content";
			sourceTree = "<group>";
		};
		82DC73AC2B5B8EC9007A5082 /* SwiftUIBarCodeTests */ = {
			isa = PBXGroup;
			children = (
				82DC73AD2B5B8EC9007A5082 /* SwiftUIBarCodeTests.swift */,
			);
			path = SwiftUIBarCodeTests;
			sourceTree = "<group>";
		};
		82DC73B62B5B8EC9007A5082 /* SwiftUIBarCodeUITests */ = {
			isa = PBXGroup;
			children = (
				82DC73B72B5B8EC9007A5082 /* SwiftUIBarCodeUITests.swift */,
				82DC73B92B5B8EC9007A5082 /* SwiftUIBarCodeUITestsLaunchTests.swift */,
			);
			path = SwiftUIBarCodeUITests;
			sourceTree = "<group>";
		};
/* End PBXGroup section */

/* Begin PBXNativeTarget section */
		82DC73982B5B8EC6007A5082 /* SwiftUIBarCode */ = {
			isa = PBXNativeTarget;
			buildConfigurationList = 82DC73BD2B5B8EC9007A5082 /* Build configuration list for PBXNativeTarget "SwiftUIBarCode" */;
			buildPhases = (
				82DC73952B5B8EC6007A5082 /* Sources */,
				82DC73962B5B8EC6007A5082 /* Frameworks */,
				82DC73972B5B8EC6007A5082 /* Resources */,
			);
			buildRules = (
			);
			dependencies = (
			);
			name = SwiftUIBarCode;
			productName = SwiftUIBarCode;
			productReference = 82DC73992B5B8EC6007A5082 /* SwiftUIBarCode.app */;
			productType = "com.apple.product-type.application";
		};
		82DC73A82B5B8EC9007A5082 /* SwiftUIBarCodeTests */ = {
			isa = PBXNativeTarget;
			buildConfigurationList = 82DC73C02B5B8EC9007A5082 /* Build configuration list for PBXNativeTarget "SwiftUIBarCodeTests" */;
			buildPhases = (
				82DC73A52B5B8EC9007A5082 /* Sources */,
				82DC73A62B5B8EC9007A5082 /* Frameworks */,
				82DC73A72B5B8EC9007A5082 /* Resources */,
			);
			buildRules = (
			);
			dependencies = (
				82DC73AB2B5B8EC9007A5082 /* PBXTargetDependency */,
			);
			name = SwiftUIBarCodeTests;
			productName = SwiftUIBarCodeTests;
			productReference = 82DC73A92B5B8EC9007A5082 /* SwiftUIBarCodeTests.xctest */;
			productType = "com.apple.product-type.bundle.unit-test";
		};
		82DC73B22B5B8EC9007A5082 /* SwiftUIBarCodeUITests */ = {
			isa = PBXNativeTarget;
			buildConfigurationList = 82DC73C32B5B8EC9007A5082 /* Build configuration list for PBXNativeTarget "SwiftUIBarCodeUITests" */;
			buildPhases = (
				82DC73AF2B5B8EC9007A5082 /* Sources */,
				82DC73B02B5B8EC9007A5082 /* Frameworks */,
				82DC73B12B5B8EC9007A5082 /* Resources */,
			);
			buildRules = (
			);
			dependencies = (
				82DC73B52B5B8EC9007A5082 /* PBXTargetDependency */,
			);
			name = SwiftUIBarCodeUITests;
			productName = SwiftUIBarCodeUITests;
			productReference = 82DC73B32B5B8EC9007A5082 /* SwiftUIBarCodeUITests.xctest */;
			productType = "com.apple.product-type.bundle.ui-testing";
		};
/* End PBXNativeTarget section */

/* Begin PBXProject section */
		82DC73912B5B8EC5007A5082 /* Project object */ = {
			isa = PBXProject;
			attributes = {
				BuildIndependentTargetsInParallel = 1;
				LastSwiftUpdateCheck = 1430;
				LastUpgradeCheck = 1430;
				TargetAttributes = {
					82DC73982B5B8EC6007A5082 = {
						CreatedOnToolsVersion = 14.3;
					};
					82DC73A82B5B8EC9007A5082 = {
						CreatedOnToolsVersion = 14.3;
						TestTargetID = 82DC73982B5B8EC6007A5082;
					};
					82DC73B22B5B8EC9007A5082 = {
						CreatedOnToolsVersion = 14.3;
						TestTargetID = 82DC73982B5B8EC6007A5082;
					};
				};
			};
			buildConfigurationList = 82DC73942B5B8EC5007A5082 /* Build configuration list for PBXProject "SwiftUIBarCode" */;
			compatibilityVersion = "Xcode 14.0";
			developmentRegion = en;
			hasScannedForEncodings = 0;
			knownRegions = (
				en,
				Base,
			);
			mainGroup = 82DC73902B5B8EC5007A5082;
			productRefGroup = 82DC739A2B5B8EC6007A5082 /* Products */;
			projectDirPath = "";
			projectRoot = "";
			targets = (
				82DC73982B5B8EC6007A5082 /* SwiftUIBarCode */,
				82DC73A82B5B8EC9007A5082 /* SwiftUIBarCodeTests */,
				82DC73B22B5B8EC9007A5082 /* SwiftUIBarCodeUITests */,
			);
		};
/* End PBXProject section */

/* Begin PBXResourcesBuildPhase section */
		82DC73972B5B8EC6007A5082 /* Resources */ = {
			isa = PBXResourcesBuildPhase;
			buildActionMask = 2147483647;
			files = (
				82DC73A42B5B8EC8007A5082 /* Preview Assets.xcassets in Resources */,
				82DC73A12B5B8EC8007A5082 /* Assets.xcassets in Resources */,
			);
			runOnlyForDeploymentPostprocessing = 0;
		};
		82DC73A72B5B8EC9007A5082 /* Resources */ = {
			isa = PBXResourcesBuildPhase;
			buildActionMask = 2147483647;
			files = (
			);
			runOnlyForDeploymentPostprocessing = 0;
		};
		82DC73B12B5B8EC9007A5082 /* Resources */ = {
			isa = PBXResourcesBuildPhase;
			buildActionMask = 2147483647;
			files = (
			);
			runOnlyForDeploymentPostprocessing = 0;
		};
/* End PBXResourcesBuildPhase section */

/* Begin PBXSourcesBuildPhase section */
		82DC73952B5B8EC6007A5082 /* Sources */ = {
			isa = PBXSourcesBuildPhase;
			buildActionMask = 2147483647;
			files = (
				822220822B626E8800CD2F66 /* BarcodeScannerViewModel.swift in Sources */,
				82DC73C72B5BA68A007A5082 /* ScannerVC.swift in Sources */,
				82DC73C92B5BADC3007A5082 /* ScannerView.swift in Sources */,
				82DC739F2B5B8EC6007A5082 /* ContentView.swift in Sources */,
				822220802B62210000CD2F66 /* Alert.swift in Sources */,
				82DC739D2B5B8EC6007A5082 /* SwiftUIBarCodeApp.swift in Sources */,
			);
			runOnlyForDeploymentPostprocessing = 0;
		};
		82DC73A52B5B8EC9007A5082 /* Sources */ = {
			isa = PBXSourcesBuildPhase;
			buildActionMask = 2147483647;
			files = (
				82DC73AE2B5B8EC9007A5082 /* SwiftUIBarCodeTests.swift in Sources */,
			);
			runOnlyForDeploymentPostprocessing = 0;
		};
		82DC73AF2B5B8EC9007A5082 /* Sources */ = {
			isa = PBXSourcesBuildPhase;
			buildActionMask = 2147483647;
			files = (
				82DC73B82B5B8EC9007A5082 /* SwiftUIBarCodeUITests.swift in Sources */,
				82DC73BA2B5B8EC9007A5082 /* SwiftUIBarCodeUITestsLaunchTests.swift in Sources */,
			);
			runOnlyForDeploymentPostprocessing = 0;
		};
/* End PBXSourcesBuildPhase section */

/* Begin PBXTargetDependency section */
		82DC73AB2B5B8EC9007A5082 /* PBXTargetDependency */ = {
			isa = PBXTargetDependency;
			target = 82DC73982B5B8EC6007A5082 /* SwiftUIBarCode */;
			targetProxy = 82DC73AA2B5B8EC9007A5082 /* PBXContainerItemProxy */;
		};
		82DC73B52B5B8EC9007A5082 /* PBXTargetDependency */ = {
			isa = PBXTargetDependency;
			target = 82DC73982B5B8EC6007A5082 /* SwiftUIBarCode */;
			targetProxy = 82DC73B42B5B8EC9007A5082 /* PBXContainerItemProxy */;
		};
/* End PBXTargetDependency section */

/* Begin XCBuildConfiguration section */
		82DC73BB2B5B8EC9007A5082 /* Debug */ = {
			isa = XCBuildConfiguration;
			buildSettings = {
				ALWAYS_SEARCH_USER_PATHS = NO;
				CLANG_ANALYZER_NONNULL = YES;
				CLANG_ANALYZER_NUMBER_OBJECT_CONVERSION = YES_AGGRESSIVE;
				CLANG_CXX_LANGUAGE_STANDARD = "gnu++20";
				CLANG_ENABLE_MODULES = YES;
				CLANG_ENABLE_OBJC_ARC = YES;
				CLANG_ENABLE_OBJC_WEAK = YES;
				CLANG_WARN_BLOCK_CAPTURE_AUTORELEASING = YES;
				CLANG_WARN_BOOL_CONVERSION = YES;
				CLANG_WARN_COMMA = YES;
				CLANG_WARN_CONSTANT_CONVERSION = YES;
				CLANG_WARN_DEPRECATED_OBJC_IMPLEMENTATIONS = YES;
				CLANG_WARN_DIRECT_OBJC_ISA_USAGE = YES_ERROR;
				CLANG_WARN_DOCUMENTATION_COMMENTS = YES;
				CLANG_WARN_EMPTY_BODY = YES;
				CLANG_WARN_ENUM_CONVERSION = YES;
				CLANG_WARN_INFINITE_RECURSION = YES;
				CLANG_WARN_INT_CONVERSION = YES;
				CLANG_WARN_NON_LITERAL_NULL_CONVERSION = YES;
				CLANG_WARN_OBJC_IMPLICIT_RETAIN_SELF = YES;
				CLANG_WARN_OBJC_LITERAL_CONVERSION = YES;
				CLANG_WARN_OBJC_ROOT_CLASS = YES_ERROR;
				CLANG_WARN_QUOTED_INCLUDE_IN_FRAMEWORK_HEADER = YES;
				CLANG_WARN_RANGE_LOOP_ANALYSIS = YES;
				CLANG_WARN_STRICT_PROTOTYPES = YES;
				CLANG_WARN_SUSPICIOUS_MOVE = YES;
				CLANG_WARN_UNGUARDED_AVAILABILITY = YES_AGGRESSIVE;
				CLANG_WARN_UNREACHABLE_CODE = YES;
				CLANG_WARN__DUPLICATE_METHOD_MATCH = YES;
				COPY_PHASE_STRIP = NO;
				DEBUG_INFORMATION_FORMAT = dwarf;
				ENABLE_STRICT_OBJC_MSGSEND = YES;
				ENABLE_TESTABILITY = YES;
				GCC_C_LANGUAGE_STANDARD = gnu11;
				GCC_DYNAMIC_NO_PIC = NO;
				GCC_NO_COMMON_BLOCKS = YES;
				GCC_OPTIMIZATION_LEVEL = 0;
				GCC_PREPROCESSOR_DEFINITIONS = (
					"DEBUG=1",
					"$(inherited)",
				);
				GCC_WARN_64_TO_32_BIT_CONVERSION = YES;
				GCC_WARN_ABOUT_RETURN_TYPE = YES_ERROR;
				GCC_WARN_UNDECLARED_SELECTOR = YES;
				GCC_WARN_UNINITIALIZED_AUTOS = YES_AGGRESSIVE;
				GCC_WARN_UNUSED_FUNCTION = YES;
				GCC_WARN_UNUSED_VARIABLE = YES;
				IPHONEOS_DEPLOYMENT_TARGET = 16.4;
				MTL_ENABLE_DEBUG_INFO = INCLUDE_SOURCE;
				MTL_FAST_MATH = YES;
				ONLY_ACTIVE_ARCH = YES;
				SDKROOT = iphoneos;
				SWIFT_ACTIVE_COMPILATION_CONDITIONS = DEBUG;
				SWIFT_OPTIMIZATION_LEVEL = "-Onone";
			};
			name = Debug;
		};
		82DC73BC2B5B8EC9007A5082 /* Release */ = {
			isa = XCBuildConfiguration;
			buildSettings = {
				ALWAYS_SEARCH_USER_PATHS = NO;
				CLANG_ANALYZER_NONNULL = YES;
				CLANG_ANALYZER_NUMBER_OBJECT_CONVERSION = YES_AGGRESSIVE;
				CLANG_CXX_LANGUAGE_STANDARD = "gnu++20";
				CLANG_ENABLE_MODULES = YES;
				CLANG_ENABLE_OBJC_ARC = YES;
				CLANG_ENABLE_OBJC_WEAK = YES;
				CLANG_WARN_BLOCK_CAPTURE_AUTORELEASING = YES;
				CLANG_WARN_BOOL_CONVERSION = YES;
				CLANG_WARN_COMMA = YES;
				CLANG_WARN_CONSTANT_CONVERSION = YES;
				CLANG_WARN_DEPRECATED_OBJC_IMPLEMENTATIONS = YES;
				CLANG_WARN_DIRECT_OBJC_ISA_USAGE = YES_ERROR;
				CLANG_WARN_DOCUMENTATION_COMMENTS = YES;
				CLANG_WARN_EMPTY_BODY = YES;
				CLANG_WARN_ENUM_CONVERSION = YES;
				CLANG_WARN_INFINITE_RECURSION = YES;
				CLANG_WARN_INT_CONVERSION = YES;
				CLANG_WARN_NON_LITERAL_NULL_CONVERSION = YES;
				CLANG_WARN_OBJC_IMPLICIT_RETAIN_SELF = YES;
				CLANG_WARN_OBJC_LITERAL_CONVERSION = YES;
				CLANG_WARN_OBJC_ROOT_CLASS = YES_ERROR;
				CLANG_WARN_QUOTED_INCLUDE_IN_FRAMEWORK_HEADER = YES;
				CLANG_WARN_RANGE_LOOP_ANALYSIS = YES;
				CLANG_WARN_STRICT_PROTOTYPES = YES;
				CLANG_WARN_SUSPICIOUS_MOVE = YES;
				CLANG_WARN_UNGUARDED_AVAILABILITY = YES_AGGRESSIVE;
				CLANG_WARN_UNREACHABLE_CODE = YES;
				CLANG_WARN__DUPLICATE_METHOD_MATCH = YES;
				COPY_PHASE_STRIP = NO;
				DEBUG_INFORMATION_FORMAT = "dwarf-with-dsym";
				ENABLE_NS_ASSERTIONS = NO;
				ENABLE_STRICT_OBJC_MSGSEND = YES;
				GCC_C_LANGUAGE_STANDARD = gnu11;
				GCC_NO_COMMON_BLOCKS = YES;
				GCC_WARN_64_TO_32_BIT_CONVERSION = YES;
				GCC_WARN_ABOUT_RETURN_TYPE = YES_ERROR;
				GCC_WARN_UNDECLARED_SELECTOR = YES;
				GCC_WARN_UNINITIALIZED_AUTOS = YES_AGGRESSIVE;
				GCC_WARN_UNUSED_FUNCTION = YES;
				GCC_WARN_UNUSED_VARIABLE = YES;
				IPHONEOS_DEPLOYMENT_TARGET = 16.4;
				MTL_ENABLE_DEBUG_INFO = NO;
				MTL_FAST_MATH = YES;
				SDKROOT = iphoneos;
				SWIFT_COMPILATION_MODE = wholemodule;
				SWIFT_OPTIMIZATION_LEVEL = "-O";
				VALIDATE_PRODUCT = YES;
			};
			name = Release;
		};
		82DC73BE2B5B8EC9007A5082 /* Debug */ = {
			isa = XCBuildConfiguration;
			buildSettings = {
				ASSETCATALOG_COMPILER_APPICON_NAME = AppIcon;
				ASSETCATALOG_COMPILER_GLOBAL_ACCENT_COLOR_NAME = AccentColor;
				CODE_SIGN_STYLE = Automatic;
				CURRENT_PROJECT_VERSION = 1;
				DEVELOPMENT_ASSET_PATHS = "\"SwiftUIBarCode/Preview Content\"";
				DEVELOPMENT_TEAM = 3D9VAD2697;
				ENABLE_PREVIEWS = YES;
				GENERATE_INFOPLIST_FILE = YES;
				INFOPLIST_KEY_NSCameraUsageDescription = "User wants to scan bar code";
				INFOPLIST_KEY_UIApplicationSceneManifest_Generation = YES;
				INFOPLIST_KEY_UIApplicationSupportsIndirectInputEvents = YES;
				INFOPLIST_KEY_UILaunchScreen_Generation = YES;
				INFOPLIST_KEY_UISupportedInterfaceOrientations_iPad = "UIInterfaceOrientationPortrait UIInterfaceOrientationPortraitUpsideDown UIInterfaceOrientationLandscapeLeft UIInterfaceOrientationLandscapeRight";
				INFOPLIST_KEY_UISupportedInterfaceOrientations_iPhone = "UIInterfaceOrientationPortrait UIInterfaceOrientationLandscapeLeft UIInterfaceOrientationLandscapeRight";
				LD_RUNPATH_SEARCH_PATHS = (
					"$(inherited)",
					"@executable_path/Frameworks",
				);
				MARKETING_VERSION = 1.0;
				PRODUCT_BUNDLE_IDENTIFIER = "Essential-Developer.SwiftUIBarCode";
				PRODUCT_NAME = "$(TARGET_NAME)";
				SWIFT_EMIT_LOC_STRINGS = YES;
				SWIFT_VERSION = 5.0;
				TARGETED_DEVICE_FAMILY = "1,2";
			};
			name = Debug;
		};
		82DC73BF2B5B8EC9007A5082 /* Release */ = {
			isa = XCBuildConfiguration;
			buildSettings = {
				ASSETCATALOG_COMPILER_APPICON_NAME = AppIcon;
				ASSETCATALOG_COMPILER_GLOBAL_ACCENT_COLOR_NAME = AccentColor;
				CODE_SIGN_STYLE = Automatic;
				CURRENT_PROJECT_VERSION = 1;
				DEVELOPMENT_ASSET_PATHS = "\"SwiftUIBarCode/Preview Content\"";
				DEVELOPMENT_TEAM = 3D9VAD2697;
				ENABLE_PREVIEWS = YES;
				GENERATE_INFOPLIST_FILE = YES;
				INFOPLIST_KEY_NSCameraUsageDescription = "User wants to scan bar code";
				INFOPLIST_KEY_UIApplicationSceneManifest_Generation = YES;
				INFOPLIST_KEY_UIApplicationSupportsIndirectInputEvents = YES;
				INFOPLIST_KEY_UILaunchScreen_Generation = YES;
				INFOPLIST_KEY_UISupportedInterfaceOrientations_iPad = "UIInterfaceOrientationPortrait UIInterfaceOrientationPortraitUpsideDown UIInterfaceOrientationLandscapeLeft UIInterfaceOrientationLandscapeRight";
				INFOPLIST_KEY_UISupportedInterfaceOrientations_iPhone = "UIInterfaceOrientationPortrait UIInterfaceOrientationLandscapeLeft UIInterfaceOrientationLandscapeRight";
				LD_RUNPATH_SEARCH_PATHS = (
					"$(inherited)",
					"@executable_path/Frameworks",
				);
				MARKETING_VERSION = 1.0;
				PRODUCT_BUNDLE_IDENTIFIER = "Essential-Developer.SwiftUIBarCode";
				PRODUCT_NAME = "$(TARGET_NAME)";
				SWIFT_EMIT_LOC_STRINGS = YES;
				SWIFT_VERSION = 5.0;
				TARGETED_DEVICE_FAMILY = "1,2";
			};
			name = Release;
		};
		82DC73C12B5B8EC9007A5082 /* Debug */ = {
			isa = XCBuildConfiguration;
			buildSettings = {
				ALWAYS_EMBED_SWIFT_STANDARD_LIBRARIES = YES;
				BUNDLE_LOADER = "$(TEST_HOST)";
				CODE_SIGN_STYLE = Automatic;
				CURRENT_PROJECT_VERSION = 1;
				DEVELOPMENT_TEAM = 3D9VAD2697;
				GENERATE_INFOPLIST_FILE = YES;
				IPHONEOS_DEPLOYMENT_TARGET = 16.4;
				MARKETING_VERSION = 1.0;
				PRODUCT_BUNDLE_IDENTIFIER = "Essential-Developer.SwiftUIBarCodeTests";
				PRODUCT_NAME = "$(TARGET_NAME)";
				SWIFT_EMIT_LOC_STRINGS = NO;
				SWIFT_VERSION = 5.0;
				TARGETED_DEVICE_FAMILY = "1,2";
				TEST_HOST = "$(BUILT_PRODUCTS_DIR)/SwiftUIBarCode.app/$(BUNDLE_EXECUTABLE_FOLDER_PATH)/SwiftUIBarCode";
			};
			name = Debug;
		};
		82DC73C22B5B8EC9007A5082 /* Release */ = {
			isa = XCBuildConfiguration;
			buildSettings = {
				ALWAYS_EMBED_SWIFT_STANDARD_LIBRARIES = YES;
				BUNDLE_LOADER = "$(TEST_HOST)";
				CODE_SIGN_STYLE = Automatic;
				CURRENT_PROJECT_VERSION = 1;
				DEVELOPMENT_TEAM = 3D9VAD2697;
				GENERATE_INFOPLIST_FILE = YES;
				IPHONEOS_DEPLOYMENT_TARGET = 16.4;
				MARKETING_VERSION = 1.0;
				PRODUCT_BUNDLE_IDENTIFIER = "Essential-Developer.SwiftUIBarCodeTests";
				PRODUCT_NAME = "$(TARGET_NAME)";
				SWIFT_EMIT_LOC_STRINGS = NO;
				SWIFT_VERSION = 5.0;
				TARGETED_DEVICE_FAMILY = "1,2";
				TEST_HOST = "$(BUILT_PRODUCTS_DIR)/SwiftUIBarCode.app/$(BUNDLE_EXECUTABLE_FOLDER_PATH)/SwiftUIBarCode";
			};
			name = Release;
		};
		82DC73C42B5B8EC9007A5082 /* Debug */ = {
			isa = XCBuildConfiguration;
			buildSettings = {
				ALWAYS_EMBED_SWIFT_STANDARD_LIBRARIES = YES;
				CODE_SIGN_STYLE = Automatic;
				CURRENT_PROJECT_VERSION = 1;
				DEVELOPMENT_TEAM = 3D9VAD2697;
				GENERATE_INFOPLIST_FILE = YES;
				MARKETING_VERSION = 1.0;
				PRODUCT_BUNDLE_IDENTIFIER = "Essential-Developer.SwiftUIBarCodeUITests";
				PRODUCT_NAME = "$(TARGET_NAME)";
				SWIFT_EMIT_LOC_STRINGS = NO;
				SWIFT_VERSION = 5.0;
				TARGETED_DEVICE_FAMILY = "1,2";
				TEST_TARGET_NAME = SwiftUIBarCode;
			};
			name = Debug;
		};
		82DC73C52B5B8EC9007A5082 /* Release */ = {
			isa = XCBuildConfiguration;
			buildSettings = {
				ALWAYS_EMBED_SWIFT_STANDARD_LIBRARIES = YES;
				CODE_SIGN_STYLE = Automatic;
				CURRENT_PROJECT_VERSION = 1;
				DEVELOPMENT_TEAM = 3D9VAD2697;
				GENERATE_INFOPLIST_FILE = YES;
				MARKETING_VERSION = 1.0;
				PRODUCT_BUNDLE_IDENTIFIER = "Essential-Developer.SwiftUIBarCodeUITests";
				PRODUCT_NAME = "$(TARGET_NAME)";
				SWIFT_EMIT_LOC_STRINGS = NO;
				SWIFT_VERSION = 5.0;
				TARGETED_DEVICE_FAMILY = "1,2";
				TEST_TARGET_NAME = SwiftUIBarCode;
			};
			name = Release;
		};
/* End XCBuildConfiguration section */

/* Begin XCConfigurationList section */
		82DC73942B5B8EC5007A5082 /* Build configuration list for PBXProject "SwiftUIBarCode" */ = {
			isa = XCConfigurationList;
			buildConfigurations = (
				82DC73BB2B5B8EC9007A5082 /* Debug */,
				82DC73BC2B5B8EC9007A5082 /* Release */,
			);
			defaultConfigurationIsVisible = 0;
			defaultConfigurationName = Release;
		};
		82DC73BD2B5B8EC9007A5082 /* Build configuration list for PBXNativeTarget "SwiftUIBarCode" */ = {
			isa = XCConfigurationList;
			buildConfigurations = (
				82DC73BE2B5B8EC9007A5082 /* Debug */,
				82DC73BF2B5B8EC9007A5082 /* Release */,
			);
			defaultConfigurationIsVisible = 0;
			defaultConfigurationName = Release;
		};
		82DC73C02B5B8EC9007A5082 /* Build configuration list for PBXNativeTarget "SwiftUIBarCodeTests" */ = {
			isa = XCConfigurationList;
			buildConfigurations = (
				82DC73C12B5B8EC9007A5082 /* Debug */,
				82DC73C22B5B8EC9007A5082 /* Release */,
			);
			defaultConfigurationIsVisible = 0;
			defaultConfigurationName = Release;
		};
		82DC73C32B5B8EC9007A5082 /* Build configuration list for PBXNativeTarget "SwiftUIBarCodeUITests" */ = {
			isa = XCConfigurationList;
			buildConfigurations = (
				82DC73C42B5B8EC9007A5082 /* Debug */,
				82DC73C52B5B8EC9007A5082 /* Release */,
			);
			defaultConfigurationIsVisible = 0;
			defaultConfigurationName = Release;
		};
/* End XCConfigurationList section */
	};
	rootObject = 82DC73912B5B8EC5007A5082 /* Project object */;
}
